eyJuYW1lIjoiQ1VGUy1Bc3Npc3RlZC1Qcm9qZWN0IiwidmVyc2lvbiI6IjEuMC4wIiwibG9ja2ZpbGVWZXJzaW9uIjozLCJyZXF1aXJlcyI6dHJ1ZSwicGFja2FnZXMiOnsiIjp7Im5hbWUiOiJDVUZTLUFzc2lzdGVkLVByb2plY3QiLCJ2ZXJzaW9uIjoiMS4wLjAiLCJkZXBlbmRlbmNpZXMiOnsiY2hhcnQuanMiOiJeNC4yLjEiLCJkYXRlLWZucyI6Il4yLjI5LjMiLCJyZWFjdCI6Il4xOC4yLjAiLCJyZWFjdC1jaGFydGpzLTIiOiJeNS4yLjAiLCJyZWFjdC1kb20iOiJeMTguMi4wIiwicmVhY3Qtcm91dGVyLWRvbSI6Il42LjguMCIsInJlYWN0LXNjcmlwdHMiOiI1LjAuMSJ9fSwibm9kZV9tb2R1bGVzL0BhbGxvYy9xdWljay1scnUiOnsidmVyc2lvbiI6IjUuMi4wIiwicmVzb2x2ZWQiOiJodHRwczovL3JlZ2lzdHJ5Lm5wbWpzLm9yZy9AYWxsb2MvcXVpY2stbHJ1L2YvcXVpY2stbHJ1LTUuMi4wLnRneiIsImludGVncml0eSI6InNoYTUxMi1VcmNBQkIrNGJVckZBQndiTHVUSUJFcld3dmJzVS9WN1RaV2ZtYmdKZGJrd2lCdXppUzlneGRPRFV5dWllY2ZkR1E4NWpnbE1XNmp1UzMrejpUc0tMdz09IiwibGljZW5zZSI6Ik1JVCIsImVuZ2luZXMiOnsibm9kZSI6Ij49MTAifSwiZnVuZGluZyI6eyJ1cmwiOiJodHRwczovL2dpdGh1Yi5jb20vc3BvbnNvcnMvc2luZHJlc29yaHVzIn19LCJub2RlX21vZHVsZXMvQGFtcHByb2plY3QvcmVtYXBwaW5nIjp7InZlcnNpb24iOiIyLjMuMCIsInJlc29sdmVkIjoiaHR0cHM6Ly9yZWdpc3RyeS5ucG1qcy5vcmcvQGFtcHByb2plY3QvcmVtYXBwaW5nLy0vcmVtYXBwaW5nLTIuMy4wLnRneiIsImludGVncml0eSI6InNoYTUxMi0zMGladEFQZ3orTFRJWW9laXZxWW84NTNmMDJqQllTZDV1R25HcGtGVjBNM3hPdDlhTjczZXJrZ1lBbVpVNDN4NFZmcWNuTHhXOUtwZzNSNUN5WVk5Zz09IiwibGljZW5zZSI6IkFwYWNoZS0yLjAiLCJkZXBlbmRlbmNpZXMiOnsiQGpyaWRnZXdlbGwvZ2VuLW1hcHBpbmciOiJeMC4zLjUiLCJAanJpZGdld2VsbC90cmFjZS1tYXBwaW5nIjoiXjAuMy4yNCJ9LCJlbmdpbmVzIjp7Im5vZGUiOiI+PTYuMC4wIn19LCJub2RlX21vZHVsZXMvQGJhYmVsL2NvZGUtZnJhbWUiOnsidmVyc2lvbiI6IjcuMjcuMSIsInJlc29sdmVkIjoiaHR0cHM6Ly9yZWdpc3RyeS5ucG1qcy5vcmcvQGJhYmVsL2NvZGUtZnJhbWUtLy1jb2RlLWZyYW1lLTcuMjcuMS50Z3oiLCJpbnRlZ3JpdHkiOiJzaGE1MTItY2pR.........