bG9ja2ZpbGVWZXJzaW9uOiAnOS4wJwoKc2V0dGluZ3M6CiAgYXV0b0luc3RhbGxQZWVycyU6IHRydWUKICBleGNsdWRlTGlua3NGcm9tTG9ja2ZpbGU6IGZhbHNlCgppbXBvcnRlcnM6CgogIC46CiAgICBkZXBlbmRlbmNpZXM6CiAgICAgIGNoYXJ0LmpzOgogICAgICAgIHNwZWNpZmllcjogXjQuMi4xCiAgICAgICAgdmVyc2lvbjogNC41LjAKICAgICAgZGF0ZS1mbnM6CiAgICAgICAgc3BlY2lmaWVyOiBeMi4yOS4zCiAgICAgICAgdmVyc2lvbjogMi4zMC4wCiAgICAgIHJlYWN0OgogICAgICAgIHNwZWNpZmllcjogXjE4LjIuMAogICAgICAgIHZlcnNpb246IDE4LjMuMQogICAgICByZWFjdC1jaGFydGpzLTI6CiAgICAgICAgc3BlY2lmaWVyOiBeNS4yLjAKICAgICAgICB2ZXJzaW9uOiA1LjMuMChjaGFydC5qc0A0LjUuMCkocmVhY3RAMTguMy4xKQogICAgICByZWFjdC1kb206CiAgICAgICAgc3BlY2lmaWVyOiBeMTguMi4wCiAgICAgICAgdmVyc2lvbjogMTguMy4xKHJlYWN0QDE4LjMuMSkKICAgICAgcmVhY3Qtcm91dGVyLWRvbToKICAgICAgICBzcGVjaWZpZXI6IF42LjguMAogICAgICAgIHZlcnNpb246IDYuMzAuMShyZWFjdC1kb21AMTguMy4xKHJlYWN0QDE4LjMuMSkpKHJlYWN0QDE4LjMuMSkKICAgICAgcmVhY3Qtc2NyaXB0czoKICAgICAgICBzcGVjaWZpZXI6IDUuMC4xCiAgICAgICAgdmVyc2lvbjogNS4wLjEoQGJhYmVsL3BsdWdpbi1zeW50YXgtZmxvd0A3LjI3LjEoQGJhYmVsL2NvcmVANy4yOC4wKSkoQGJhYmVsL3BsdWdpbi10cmFuc2Zvcm0tcmVhY3QtanN4QDcuMjcuMShAYmFiZWwvY29yZUA3LjI4LjApKShAdHlwZXMvYmFiZWxfX2NvcmVANy4yMC41KShlc2xpbnRAOC41Ny4xKShyZWFjdEAxOC4zLjEpKHR5cGUtZmVzdEAwLjIxLjMpKHR5cGVzY3JpcHRA.........